
Microsoft Visual Studio Solution File, Format Version 12.00
# Visual Studio Version 17
VisualStudioVersion = 17.10.35004.147
MinimumVisualStudioVersion = 10.0.40219.1
Project("{FAE04EC0-301F-11D3-BF4B-00C04F79EFBC}") = "C42-G01-MVC03", "C42-G01-MVC03\C42-G01-MVC03.csproj", "{6DAD83C4-6A3F-44D7-BD48-865623470032}"
EndProject
Global
	GlobalSection(SolutionConfigurationPlatforms) = preSolution
		Debug|Any CPU = Debug|Any CPU
		Release|Any CPU = Release|Any CPU
	EndGlobalSection
	GlobalSection(ProjectConfigurationPlatforms) = postSolution
		{6DAD83C4-6A3F-44D7-BD48-865623470032}.Debug|Any CPU.ActiveCfg = Debug|Any CPU
		{6DAD83C4-6A3F-44D7-BD48-865623470032}.Debug|Any CPU.Build.0 = Debug|Any CPU
		{6DAD83C4-6A3F-44D7-BD48-865623470032}.Release|Any CPU.ActiveCfg = Release|Any CPU
		{6DAD83C4-6A3F-44D7-BD48-865623470032}.Release|Any CPU.Build.0 = Release|Any CPU
	EndGlobalSection
	GlobalSection(SolutionProperties) = preSolution
		HideSolutionNode = FALSE
	EndGlobalSection
	GlobalSection(ExtensibilityGlobals) = postSolution
		SolutionGuid = {D0F23DF1-A5E1-4F27-8402-47ED2EDEFDD0}
	EndGlobalSection
EndGlobal
